github.com/avast/retry-go/v4 v4.7.0 h1:yjDs35SlGvKwRNSykujfjdMxMhMQQM0TnIjJaHB+Zio=
github.com/avast/retry-go/v4 v4.7.0/go.mod h1:ZMPDa3sY2bKgpLtap9JRUgk2yTAba7cgiFhqxY2Sg6Q=
github.com/buger/jsonparser v1.6.1 h1:I0phFv0PlbLHnM7TZAVjZ2MJ2/eWRTDyuO7GLR98IEs=
github.com/buger/jsonparser v1.6.1/go.mod h1:6RYKKt7H4d4+iWqouImQ9R2FZql3VbhNgx27UK13J/0=
github.com/dustin/go-humanize v1.0.1 h1:GzkhY7T5VNhEkwH0PVJgjz+fX1rhBrR7pRT3mDkpeCY=
github.com/dustin/go-humanize v1.0.1/go.mod h1:Mu1zIs6XwVuF/gI1OepvI0qD18qycQx+mFykh5fBlto=
github.com/go-test/deep v1.1.1 h1:0r/53hagsehfO4bzD2Pgr/+RgHqhmf+k1Bpse2cTu1U=
github.com/go-test/deep v1.1.1/go.mod h1:5C2ZWiW0ErCdrYzpqxLbTX7MG14M9iiw8DgHncVwcsE=
github.com/jessevdk/go-flags v1.6.1 h1:Cvu5U8UGrLay1rZfv/zP7iLpSHGUZ/Ou68T0iX1bBK4=
github.com/jessevdk/go-flags v1.6.1/go.mod h1:Mk8T1hIAWpOiJiHa9rJASDK2UGWji0EuPGBnNLMooyc=
github.com/mackerelio/checkers v0.2.1 h1:vRXzAT+CEyaLjSrHVxKUBjyWq1kfo8QcI8ZoSKZATQs=
github.com/mackerelio/checkers v0.2.1/go.mod h1:CW3k/5bvHhxDrfKgWvMvNH0R51zco141ZVxlI7o/KAc=
github.com/mackerelio/golib v1.2.2 h1:fQfW1o2KvPyIsAH/7+M2J0gpf2jLu+NyYpDCN79zxW4=
github.com/mackerelio/golib v1.2.2/go.mod h1:itcSOfrsT5XvkzflFPebT43RrliaKDz2T6YGYt3jclw=
github.com/monitoring-forge/flagrun v0.0.8 h1:CEoMMdFpZ4KOTiBy2mAUQtlgFsTqpvpEoLjzanDgEtw=
github.com/monitoring-forge/flagrun v0.0.8/go.mod h1:yAwxGIEx81wU4JOMp6hz7SdSYWgT/Hr4JXEdHlEn1mw=
github.com/monitoring-forge/followparser v0.2.16 h1:8mAozo1/uxHNmaR2PScCpZa+9MpujJtrK/3LyR1q7bk=
github.com/monitoring-forge/followparser v0.2.16/go.mod h1:3ZKlSyd3PrB9HzCVC7oycfaA9p3t0O2tUEBLCmhfTUc=
github.com/monitoring-forge/ltsvparser v0.2.8 h1:eb/lY5zFsw7RYcI8H0bZP3Jm9d9MrxRyIuwXAZlgyGk=
github.com/monitoring-forge/ltsvparser v0.2.8/go.mod h1:kbNExT98jYMhQE5wphmq2avnuxEorZL/CfDKIUuyimE=
github.com/monitoring-forge/saferio v0.0.3 h1:1i3va3QQ9QPunwsgekDzC8RV91KT1Xcb++Z0Dnl9zFY=
github.com/monitoring-forge/saferio v0.0.3/go.mod h1:1o6nyDJ4isee9VH3eUx5uw4C7LEgPFsq7M3tO+VMyvM=
github.com/montanaflynn/stats v0.12.5 h1:bmGi2m9LQJ6qKrDAvd/xZ3IKz+BEfZT2JnCYVbYKU7Y=
github.com/montanaflynn/stats v0.12.5/go.mod h1:etXPPgVO6n31NxCd9KQUMvCM+ve0ruNzt6R8Bnaayow=
github.com/stretchr/testify v1.12.1 h1:EuwCh5fleGS7H32xRwO3wRGT7DxrDhLAT6FF8MpWDWE=
github.com/stretchr/testify v1.12.1/go.mod h1:MDEgiDPPsNp5cuIrHPPCyornHKgEVbtFUmoNlxoYthg=
go.yaml.in/yaml/v3 v3.0.5 h1:N6y/pJk8buWs9NY5ERU2HSMfm+IuD/OtfdAnq6kESPw=
go.yaml.in/yaml/v3 v3.0.5/go.mod h1:HVTZu1O7/Vkt2N+BFy8Zza+lnLsABggaTM2ZpNIGuKg=
golang.org/x/sys v0.48.0 h1:bbX/i/6MgT9BVLM9RT1thmxL04yeTAhbEz4SyadbXoo=
golang.org/x/sys v0.48.0/go.mod h1:hNLxWAXmnKAxqDtdwIYC4bM9oQPEecfsnNMuSxOs3og=
